{
    "name": "missbug-stack",
    "version": "1.0.0",
    "lockfileVersion": 3,
    "requires": true,
    "packages": {
        "": {
            "name": "missbug-stack",
            "version": "1.0.0",
            "dependencies": {
                "missbug-stack": "file:"
            }
        },
        "node_modules/missbug-stack": {
            "resolved": "",
            "link": true
        }
    }
}
